{
  "name": "versus-express",
  "version": "1.0.0",
  "lockfileVersion": 3,
  "requires": true,
  "packages": {
    "": {
      "name": "versus-express",
      "version": "1.0.0",
      "license": "ISC",
      "devDependencies": {
        "@tsconfig/node22": "^22.0.1",
        "typescript": "^5.8.3"
      }
    },
    "node_modules/@tsconfig/node22": {
      "version": "22.0.1",
      "resolved": "https://registry.npmjs.org/@tsconfig/node22/-/node22-22.0.1.tgz",
      "integrity": "sha512-VkgOa3n6jvs1p+r3DiwBqeEwGAwEvnVCg/hIjiANl5IEcqP3G0u5m8cBJspe1t9qjZRlZ7WFgqq5bJrGdgAKMg==",
      "dev": true,
      "license": "MIT"
    },
    "node_modules/typescript": {
      "version": "5.8.3",
      "resolved": "https://registry.npmjs.org/typescript/-/typescript-5.8.3.tgz",
      "integrity": "sha512-p1diW6TqL9L07nNxvRMM7hMMw4c5XOo/1ibL4aAIGmSAt9slTE1Xgw5KWuof2uTOvCg9BY7ZRi+GaF+7sfgPeQ==",
      "dev": true,
      "license": "Apache-2.0",
      "bin": {
        "tsc": "bin/tsc",
        "tsserver": "bin/tsserver"
      },
      "engines": {
        "node": ">=14.17"
      }
    }
  }
}
